// !$*UTF8*$!
{
	archiveVersion = 1;
	classes = {
	};
	objectVersion = 46;
	objects = {

/* Begin PBXBuildFile section */
		19E044321E9C7B5000DFF097 /* AppDelegate.swift in Sources */ = {isa = PBXBuildFile; fileRef = 19E044311E9C7B5000DFF097 /* AppDelegate.swift */; };
		19E044341E9C7B5000DFF097 /* ViewController.swift in Sources */ = {isa = PBXBuildFile; fileRef = 19E044331E9C7B5000DFF097 /* ViewController.swift */; };
		19E044371E9C7B5000DFF097 /* Main.storyboard in Resources */ = {isa = PBXBuildFile; fileRef = 19E044351E9C7B5000DFF097 /* Main.storyboard */; };
		19E044391E9C7B5000DFF097 /* Assets.xcassets in Resources */ = {isa = PBXBuildFile; fileRef = 19E044381E9C7B5000DFF097 /* Assets.xcassets */; };
		19E0443C1E9C7B5000DFF097 /* LaunchScreen.storyboard in Resources */ = {isa = PBXBuildFile; fileRef = 19E0443A1E9C7B5000DFF097 /* LaunchScreen.storyboard */; };
/* End PBXBuildFile section */

/* Begin PBXFileReference section */
		19E0442E1E9C7B5000DFF097 /* LeyidianSeller.app */ = {isa = PBXFileReference; explicitFileType = wrapper.application; includeInIndex = 0; path = LeyidianSeller.app; sourceTree = BUILT_PRODUCTS_DIR; };
		19E044311E9C7B5000DFF097 /* AppDelegate.swift */ = {isa = PBXFileReference; lastKnownFileType = sourcecode.swift; path = AppDelegate.swift; sourceTree = "<group>"; };
		19E044331E9C7B5000DFF097 /* ViewController.swift */ = {isa = PBXFileReference; lastKnownFileType = sourcecode.swift; path = ViewController.swift; sourceTree = "<group>"; };
		19E044361E9C7B5000DFF097 /* Base */ = {isa = PBXFileReference; lastKnownFileType = file.storyboard; name = Base; path = Base.lproj/Main.storyboard; sourceTree = "<group>"; };
		19E044381E9C7B5000DFF097 /* Assets.xcassets */ = {isa = PBXFileReference; lastKnownFileType = folder.assetcatalog; path = Assets.xcassets; sourceTree = "<group>"; };
		19E0443B1E9C7B5000DFF097 /* Base */ = {isa = PBXFileReference; lastKnownFileType = file.storyboard; name = Base; path = Base.lproj/LaunchScreen.storyboard; sourceTree = "<group>"; };
		19E0443D1E9C7B5000DFF097 /* Info.plist */ = {isa = PBXFileReference; lastKnownFileType = text.plist.xml; path = Info.plist; sourceTree = "<group>"; };
/* End PBXFileReference section */

/* Begin PBXFrameworksBuildPhase section */
		19E0442B1E9C7B5000DFF097 /* Frameworks */ = {
			isa = PBXFrameworksBuildPhase;
			buildActionMask = 2147483647;
			files = (
			);
			runOnlyForDeploymentPostprocessing = 0;
		};
/* End PBXFrameworksBuildPhase section */

/* Begin PBXGroup section */
		19E044251E9C7B5000DFF097 = {
			isa = PBXGroup;
			children = (
				19E044301E9C7B5000DFF097 /* LeyidianSeller */,
				19E0442F1E9C7B5000DFF097 /* Products */,
			);
			sourceTree = "<group>";
		};
		19E0442F1E9C7B5000DFF097 /* Products */ = {
			isa = PBXGroup;
			children = (
				19E0442E1E9C7B5000DFF097 /* LeyidianSeller.app */,
			);
			name = Products;
			sourceTree = "<group>";
		};
		19E044301E9C7B5000DFF097 /* LeyidianSeller */ = {
			isa = PBXGroup;
			children = (
				19E044311E9C7B5000DFF097 /* AppDelegate.swift */,
				19E044331E9C7B5000DFF097 /* ViewController.swift */,
				19E044351E9C7B5000DFF097 /* Main.storyboard */,
				19E044381E9C7B5000DFF097 /* Assets.xcassets */,
				19E0443A1E9C7B5000DFF097 /* LaunchScreen.storyboard */,
				19E0443D1E9C7B5000DFF097 /* Info.plist */,
			);
			path = LeyidianSeller;
			sourceTree = "<group>";
		};
/* End PBXGroup section */

/* Begin PBXNativeTarget section */
		19E0442D1E9C7B5000DFF097 /* LeyidianSeller */ = {
			isa = PBXNativeTarget;
			buildConfigurationList = 19E044401E9C7B5000DFF097 /* Build configuration list for PBXNativeTarget "LeyidianSeller" */;
			buildPhases = (
				19E0442A1E9C7B5000DFF097 /* Sources */,
				19E0442B1E9C7B5000DFF097 /* Frameworks */,
				19E0442C1E9C7B5000DFF097 /* Resources */,
			);
			buildRules = (
			);
			dependencies = (
			);
			name = LeyidianSeller;
			productName = LeyidianSeller;
			productReference = 19E0442E1E9C7B5000DFF097 /* LeyidianSeller.app */;
			productType = "com.apple.product-type.application";
		};
/* End PBXNativeTarget section */

/* Begin PBXProject section */
		19E044261E9C7B5000DFF097 /* Project object */ = {
			isa = PBXProject;
			attributes = {
				LastSwiftUpdateCheck = 0820;
				LastUpgradeCheck = 0820;
				ORGANIZATIONNAME = DEC.MA;
				TargetAttributes = {
					19E0442D1E9C7B5000DFF097 = {
						CreatedOnToolsVersion = 8.2.1;
						ProvisioningStyle = Automatic;
					};
				};
			};
			buildConfigurationList = 19E044291E9C7B5000DFF097 /* Build configuration list for PBXProject "LeyidianSeller" */;
			compatibilityVersion = "Xcode 3.2";
			developmentRegion = English;
			hasScannedForEncodings = 0;
			knownRegions = (
				en,
				Base,
			);
			mainGroup = 19E044251E9C7B5000DFF097;
			productRefGroup = 19E0442F1E9C7B5000DFF097 /* Products */;
			projectDirPath = "";
			projectRoot = "";
			targets = (
				19E0442D1E9C7B5000DFF097 /* LeyidianSeller */,
			);
		};
/* End PBXProject section */

/* Begin PBXResourcesBuildPhase section */
		19E0442C1E9C7B5000DFF097 /* Resources */ = {
			isa = PBXResourcesBuildPhase;
			buildActionMask = 2147483647;
			files = (
				19E0443C1E9C7B5000DFF097 /* LaunchScreen.storyboard in Resources */,
				19E044391E9C7B5000DFF097 /* Assets.xcassets in Resources */,
				19E044371E9C7B5000DFF097 /* Main.storyboard in Resources */,
			);
			runOnlyForDeploymentPostprocessing = 0;
		};
/* End PBXResourcesBuildPhase section */

/* Begin PBXSourcesBuildPhase section */
		19E0442A1E9C7B5000DFF097 /* Sources */ = {
			isa = PBXSourcesBuildPhase;
			buildActionMask = 2147483647;
			files = (
				19E044341E9C7B5000DFF097 /* ViewController.swift in Sources */,
				19E044321E9C7B5000DFF097 /* AppDelegate.swift in Sources */,
			);
			runOnlyForDeploymentPostprocessing = 0;
		};
/* End PBXSourcesBuildPhase section */

/* Begin PBXVariantGroup section */
		19E044351E9C7B5000DFF097 /* Main.storyboard */ = {
			isa = PBXVariantGroup;
			children = (
				19E044361E9C7B5000DFF097 /* Base */,
			);
			name = Main.storyboard;
			sourceTree = "<group>";
		};
		19E0443A1E9C7B5000DFF097 /* LaunchScreen.storyboard */ = {
			isa = PBXVariantGroup;
			children = (
				19E0443B1E9C7B5000DFF097 /* Base */,
			);
			name = LaunchScreen.storyboard;
			sourceTree = "<group>";
		};
/* End PBXVariantGroup section */

/* Begin XCBuildConfiguration section */
		19E0443E1E9C7B5000DFF097 /* Debug */ = {
			isa = XCBuildConfiguration;
			buildSettings = {
				ALWAYS_SEARCH_USER_PATHS = NO;
				CLANG_ANALYZER_NONNULL = YES;
				CLANG_CXX_LANGUAGE_STANDARD = "gnu++0x";
				CLANG_CXX_LIBRARY = "libc++";
				CLANG_ENABLE_MODULES = YES;
				CLANG_ENABLE_OBJC_ARC = YES;
				CLANG_WARN_BOOL_CONVERSION = YES;
				CLANG_WARN_CONSTANT_CONVERSION = YES;
				CLANG_WARN_DIRECT_OBJC_ISA_USAGE = YES_ERROR;
				CLANG_WARN_DOCUMENTATION_COMMENTS = YES;
				CLANG_WARN_EMPTY_BODY = YES;
				CLANG_WARN_ENUM_CONVERSION = YES;
				CLANG_WARN_INFINITE_RECURSION = YES;
				CLANG_WARN_INT_CONVERSION = YES;
				CLANG_WARN_OBJC_ROOT_CLASS = YES_ERROR;
				CLANG_WARN_SUSPICIOUS_MOVE = YES;
				CLANG_WARN_UNREACHABLE_CODE = YES;
				CLANG_WARN__DUPLICATE_METHOD_MATCH = YES;
				"CODE_SIGN_IDENTITY[sdk=iphoneos*]" = "iPhone Developer";
				COPY_PHASE_STRIP = NO;
				DEBUG_INFORMATION_FORMAT = dwarf;
				ENABLE_STRICT_OBJC_MSGSEND = YES;
				ENABLE_TESTABILITY = YES;
				GCC_C_LANGUAGE_STANDARD = gnu99;
				GCC_DYNAMIC_NO_PIC = NO;
				GCC_NO_COMMON_BLOCKS = YES;
				GCC_OPTIMIZATION_LEVEL = 0;
				GCC_PREPROCESSOR_DEFINITIONS = (
					"DEBUG=1",
					"$(inherited)",
				);
				GCC_WARN_64_TO_32_BIT_CONVERSION = YES;
				GCC_WARN_ABOUT_RETURN_TYPE = YES_ERROR;
				GCC_WARN_UNDECLARED_SELECTOR = YES;
				GCC_WARN_UNINITIALIZED_AUTOS = YES_AGGRESSIVE;
				GCC_WARN_UNUSED_FUNCTION = YES;
				GCC_WARN_UNUSED_VARIABLE = YES;
				IPHONEOS_DEPLOYMENT_TARGET = 10.2;
				MTL_ENABLE_DEBUG_INFO = YES;
				ONLY_ACTIVE_ARCH = YES;
				SDKROOT = iphoneos;
				SWIFT_ACTIVE_COMPILATION_CONDITIONS = DEBUG;
				SWIFT_OPTIMIZATION_LEVEL = "-Onone";
			};
			name = Debug;
		};
		19E0443F1E9C7B5000DFF097 /* Release */ = {
			isa = XCBuildConfiguration;
			buildSettings = {
				ALWAYS_SEARCH_USER_PATHS = NO;
				CLANG_ANALYZER_NONNULL = YES;
				CLANG_CXX_LANGUAGE_STANDARD = "gnu++0x";
				CLANG_CXX_LIBRARY = "libc++";
				CLANG_ENABLE_MODULES = YES;
				CLANG_ENABLE_OBJC_ARC = YES;
				CLANG_WARN_BOOL_CONVERSION = YES;
				CLANG_WARN_CONSTANT_CONVERSION = YES;
				CLANG_WARN_DIRECT_OBJC_ISA_USAGE = YES_ERROR;
				CLANG_WARN_DOCUMENTATION_COMMENTS = YES;
				CLANG_WARN_EMPTY_BODY = YES;
				CLANG_WARN_ENUM_CONVERSION = YES;
				CLANG_WARN_INFINITE_RECURSION = YES;
				CLANG_WARN_INT_CONVERSION = YES;
				CLANG_WARN_OBJC_ROOT_CLASS = YES_ERROR;
				CLANG_WARN_SUSPICIOUS_MOVE = YES;
				CLANG_WARN_UNREACHABLE_CODE = YES;
				CLANG_WARN__DUPLICATE_METHOD_MATCH = YES;
				"CODE_SIGN_IDENTITY[sdk=iphoneos*]" = "iPhone Developer";
				COPY_PHASE_STRIP = NO;
				DEBUG_INFORMATION_FORMAT = "dwarf-with-dsym";
				ENABLE_NS_ASSERTIONS = NO;
				ENABLE_STRICT_OBJC_MSGSEND = YES;
				GCC_C_LANGUAGE_STANDARD = gnu99;
				GCC_NO_COMMON_BLOCKS = YES;
				GCC_WARN_64_TO_32_BIT_CONVERSION = YES;
				GCC_WARN_ABOUT_RETURN_TYPE = YES_ERROR;
				GCC_WARN_UNDECLARED_SELECTOR = YES;
				GCC_WARN_UNINITIALIZED_AUTOS = YES_AGGRESSIVE;
				GCC_WARN_UNUSED_FUNCTION = YES;
				GCC_WARN_UNUSED_VARIABLE = YES;
				IPHONEOS_DEPLOYMENT_TARGET = 10.2;
				MTL_ENABLE_DEBUG_INFO = NO;
				SDKROOT = iphoneos;
				SWIFT_OPTIMIZATION_LEVEL = "-Owholemodule";
				VALIDATE_PRODUCT = YES;
			};
			name = Release;
		};
		19E044411E9C7B5000DFF097 /* Debug */ = {
			isa = XCBuildConfiguration;
			buildSettings = {
				ASSETCATALOG_COMPILER_APPICON_NAME = AppIcon;
				INFOPLIST_FILE = LeyidianSeller/Info.plist;
				LD_RUNPATH_SEARCH_PATHS = "$(inherited) @executable_path/Frameworks";
				PRODUCT_BUNDLE_IDENTIFIER = com.LeyidianSeller;
				PRODUCT_NAME = "$(TARGET_NAME)";
				SWIFT_VERSION = 3.0;
			};
			name = Debug;
		};
		19E044421E9C7B5000DFF097 /* Release */ = {
			isa = XCBuildConfiguration;
			buildSettings = {
				ASSETCATALOG_COMPILER_APPICON_NAME = AppIcon;
				INFOPLIST_FILE = LeyidianSeller/Info.plist;
				LD_RUNPATH_SEARCH_PATHS = "$(inherited) @executable_path/Frameworks";
				PRODUCT_BUNDLE_IDENTIFIER = com.LeyidianSeller;
				PRODUCT_NAME = "$(TARGET_NAME)";
				SWIFT_VERSION = 3.0;
			};
			name = Release;
		};
/* End XCBuildConfiguration section */

/* Begin XCConfigurationList section */
		19E044291E9C7B5000DFF097 /* Build configuration list for PBXProject "LeyidianSeller" */ = {
			isa = XCConfigurationList;
			buildConfigurations = (
				19E0443E1E9C7B5000DFF097 /* Debug */,
				19E0443F1E9C7B5000DFF097 /* Release */,
			);
			defaultConfigurationIsVisible = 0;
			defaultConfigurationName = Release;
		};
		19E044401E9C7B5000DFF097 /* Build configuration list for PBXNativeTarget "LeyidianSeller" */ = {
			isa = XCConfigurationList;
			buildConfigurations = (
				19E044411E9C7B5000DFF097 /* Debug */,
				19E044421E9C7B5000DFF097 /* Release */,
			);
			defaultConfigurationIsVisible = 0;
		};
/* End XCConfigurationList section */
	};
	rootObject = 19E044261E9C7B5000DFF097 /* Project object */;
}
